
Microsoft Visual Studio Solution File, Format Version 12.00
Project("{2150E333-8FDC-42A3-9474-1A3956D46DE8}") = "src", "src", "{33F304B6-5457-46A2-8326-81468BC6C3C7}"
EndProject
Project("{2150E333-8FDC-42A3-9474-1A3956D46DE8}") = "tests", "tests", "{1878FE26-DA7E-4217-B54A-87930E04C32E}"
EndProject
Project("{2150E333-8FDC-42A3-9474-1A3956D46DE8}") = "benchmarks", "benchmarks", "{529F057D-E9B2-4631-BE32-9780290C989E}"
EndProject
Project("{FAE04EC0-301F-11D3-BF4B-00C04F79EFBC}") = "Core", "src\Core\Core.csproj", "{D2F67090-C0C6-4261-BF7E-8649CFD6C0B1}"
EndProject
Project("{FAE04EC0-301F-11D3-BF4B-00C04F79EFBC}") = "Data", "src\Data\Data.csproj", "{D8301CC2-9C40-4E65-A16F-E5400C1926CC}"
EndProject
Project("{FAE04EC0-301F-11D3-BF4B-00C04F79EFBC}") = "Web", "src\Web\Web.csproj", "{CFE8E654-6FB1-477C-A9EC-5D0A0F825ACF}"
EndProject
Project("{FAE04EC0-301F-11D3-BF4B-00C04F79EFBC}") = "Core.Tests", "tests\Core.Tests\Core.Tests.csproj", "{4504F9C9-1D68-40D1-80B7-3403244F33F5}"
EndProject
Project("{FAE04EC0-301F-11D3-BF4B-00C04F79EFBC}") = "Data.Tests", "tests\Data.Tests\Data.Tests.csproj", "{A6DE1ED5-3C7E-44EB-82B2-8F10632ED510}"
EndProject
Project("{FAE04EC0-301F-11D3-BF4B-00C04F79EFBC}") = "Web.Tests", "tests\Web.Tests\Web.Tests.csproj", "{33B4E6F2-1724-431B-B3AB-121E29820A8C}"
EndProject
Global
	GlobalSection(SolutionConfigurationPlatforms) = preSolution
		Debug|Any CPU = Debug|Any CPU
		Release|Any CPU = Release|Any CPU
	EndGlobalSection
	GlobalSection(NestedProjects) = preSolution
		{D2F67090-C0C6-4261-BF7E-8649CFD6C0B1} = {33F304B6-5457-46A2-8326-81468BC6C3C7}
		{D8301CC2-9C40-4E65-A16F-E5400C1926CC} = {33F304B6-5457-46A2-8326-81468BC6C3C7}
		{CFE8E654-6FB1-477C-A9EC-5D0A0F825ACF} = {33F304B6-5457-46A2-8326-81468BC6C3C7}
		{4504F9C9-1D68-40D1-80B7-3403244F33F5} = {1878FE26-DA7E-4217-B54A-87930E04C32E}
		{A6DE1ED5-3C7E-44EB-82B2-8F10632ED510} = {1878FE26-DA7E-4217-B54A-87930E04C32E}
		{33B4E6F2-1724-431B-B3AB-121E29820A8C} = {1878FE26-DA7E-4217-B54A-87930E04C32E}
	EndGlobalSection
	GlobalSection(ProjectConfigurationPlatforms) = postSolution
		{D2F67090-C0C6-4261-BF7E-8649CFD6C0B1}.Debug|Any CPU.ActiveCfg = Debug|Any CPU
		{D2F67090-C0C6-4261-BF7E-8649CFD6C0B1}.Debug|Any CPU.Build.0 = Debug|Any CPU
		{D2F67090-C0C6-4261-BF7E-8649CFD6C0B1}.Release|Any CPU.ActiveCfg = Release|Any CPU
		{D2F67090-C0C6-4261-BF7E-8649CFD6C0B1}.Release|Any CPU.Build.0 = Release|Any CPU
		{D8301CC2-9C40-4E65-A16F-E5400C1926CC}.Debug|Any CPU.ActiveCfg = Debug|Any CPU
		{D8301CC2-9C40-4E65-A16F-E5400C1926CC}.Debug|Any CPU.Build.0 = Debug|Any CPU
		{D8301CC2-9C40-4E65-A16F-E5400C1926CC}.Release|Any CPU.ActiveCfg = Release|Any CPU
		{D8301CC2-9C40-4E65-A16F-E5400C1926CC}.Release|Any CPU.Build.0 = Release|Any CPU
		{CFE8E654-6FB1-477C-A9EC-5D0A0F825ACF}.Debug|Any CPU.ActiveCfg = Debug|Any CPU
		{CFE8E654-6FB1-477C-A9EC-5D0A0F825ACF}.Debug|Any CPU.Build.0 = Debug|Any CPU
		{CFE8E654-6FB1-477C-A9EC-5D0A0F825ACF}.Release|Any CPU.ActiveCfg = Release|Any CPU
		{CFE8E654-6FB1-477C-A9EC-5D0A0F825ACF}.Release|Any CPU.Build.0 = Release|Any CPU
		{4504F9C9-1D68-40D1-80B7-3403244F33F5}.Debug|Any CPU.ActiveCfg = Debug|Any CPU
		{4504F9C9-1D68-40D1-80B7-3403244F33F5}.Debug|Any CPU.Build.0 = Debug|Any CPU
		{4504F9C9-1D68-40D1-80B7-3403244F33F5}.Release|Any CPU.ActiveCfg = Release|Any CPU
		{4504F9C9-1D68-40D1-80B7-3403244F33F5}.Release|Any CPU.Build.0 = Release|Any CPU
		{A6DE1ED5-3C7E-44EB-82B2-8F10632ED510}.Debug|Any CPU.ActiveCfg = Debug|Any CPU
		{A6DE1ED5-3C7E-44EB-82B2-8F10632ED510}.Debug|Any CPU.Build.0 = Debug|Any CPU
		{A6DE1ED5-3C7E-44EB-82B2-8F10632ED510}.Release|Any CPU.ActiveCfg = Release|Any CPU
		{A6DE1ED5-3C7E-44EB-82B2-8F10632ED510}.Release|Any CPU.Build.0 = Release|Any CPU
		{33B4E6F2-1724-431B-B3AB-121E29820A8C}.Debug|Any CPU.ActiveCfg = Debug|Any CPU
		{33B4E6F2-1724-431B-B3AB-121E29820A8C}.Debug|Any CPU.Build.0 = Debug|Any CPU
		{33B4E6F2-1724-431B-B3AB-121E29820A8C}.Release|Any CPU.ActiveCfg = Release|Any CPU
		{33B4E6F2-1724-431B-B3AB-121E29820A8C}.Release|Any CPU.Build.0 = Release|Any CPU
	EndGlobalSection
EndGlobal
